
Microsoft Visual Studio Solution File, Format Version 12.00
# Visual Studio Version 17
VisualStudioVersion = 17.5.33530.505
MinimumVisualStudioVersion = 10.0.40219.1
Project("{2150E333-8FDC-42A3-9474-1A3956D46DE8}") = "FrontEnd", "FrontEnd", "{6CE6E4C5-DC68-43E5-A935-2B430292E851}"
EndProject
Project("{FAE04EC0-301F-11D3-BF4B-00C04F79EFBC}") = "Mango.Web", "Mango.Web\Mango.Web.csproj", "{70C204EA-850D-453D-90DA-C92093B82BF4}"
EndProject
Project("{2150E333-8FDC-42A3-9474-1A3956D46DE8}") = "Services", "Services", "{E69568A2-AEDD-4190-AF39-5C3C794F04B3}"
EndProject
Project("{FAE04EC0-301F-11D3-BF4B-00C04F79EFBC}") = "Mango.Services.ProductAPI", "Mango.Services.ProductAPI\Mango.Services.ProductAPI.csproj", "{977FB545-A1AF-481A-B00E-4688D6538198}"
EndProject
Project("{9A19103F-16F7-4668-BE54-9A1E7A4F7556}") = "Mango.Services.Identity", "Mango.Services.Identity\Mango.Services.Identity.csproj", "{434EB191-3D67-4DAB-8433-017CEFEDEC14}"
EndProject
Project("{9A19103F-16F7-4668-BE54-9A1E7A4F7556}") = "Mango.Services.ShoppingCartAPI", "Mango.Services.ShoppingCartAPI\Mango.Services.ShoppingCartAPI.csproj", "{E0A92675-8F23-47EA-BD35-70093D14B49F}"
EndProject
Project("{9A19103F-16F7-4668-BE54-9A1E7A4F7556}") = "Mango.Services.CouponAPI", "Mango.Services.CouponAPI\Mango.Services.CouponAPI.csproj", "{437BD9C5-AAC7-4713-801D-072191D7C803}"
EndProject
Project("{2150E333-8FDC-42A3-9474-1A3956D46DE8}") = "Intergration", "Intergration", "{615D4323-6C20-4643-9B63-86A0B3F04D40}"
EndProject
Project("{9A19103F-16F7-4668-BE54-9A1E7A4F7556}") = "Mango.MessageBus", "Mango.MessageBus\Mango.MessageBus.csproj", "{1CEDD82C-4B96-44E3-95FA-3C7AFA57F74D}"
EndProject
Project("{FAE04EC0-301F-11D3-BF4B-00C04F79EFBC}") = "Mango.Services.OrderAPI", "Mango.Services.OrderAPI\Mango.Services.OrderAPI.csproj", "{ECBD9B04-C464-49E1-A75D-40E84E5CADF6}"
EndProject
Global
	GlobalSection(SolutionConfigurationPlatforms) = preSolution
		Debug|Any CPU = Debug|Any CPU
		Release|Any CPU = Release|Any CPU
	EndGlobalSection
	GlobalSection(ProjectConfigurationPlatforms) = postSolution
		{70C204EA-850D-453D-90DA-C92093B82BF4}.Debug|Any CPU.ActiveCfg = Debug|Any CPU
		{70C204EA-850D-453D-90DA-C92093B82BF4}.Debug|Any CPU.Build.0 = Debug|Any CPU
		{70C204EA-850D-453D-90DA-C92093B82BF4}.Release|Any CPU.ActiveCfg = Release|Any CPU
		{70C204EA-850D-453D-90DA-C92093B82BF4}.Release|Any CPU.Build.0 = Release|Any CPU
		{977FB545-A1AF-481A-B00E-4688D6538198}.Debug|Any CPU.ActiveCfg = Debug|Any CPU
		{977FB545-A1AF-481A-B00E-4688D6538198}.Debug|Any CPU.Build.0 = Debug|Any CPU
		{977FB545-A1AF-481A-B00E-4688D6538198}.Release|Any CPU.ActiveCfg = Release|Any CPU
		{977FB545-A1AF-481A-B00E-4688D6538198}.Release|Any CPU.Build.0 = Release|Any CPU
		{434EB191-3D67-4DAB-8433-017CEFEDEC14}.Debug|Any CPU.ActiveCfg = Debug|Any CPU
		{434EB191-3D67-4DAB-8433-017CEFEDEC14}.Debug|Any CPU.Build.0 = Debug|Any CPU
		{434EB191-3D67-4DAB-8433-017CEFEDEC14}.Release|Any CPU.ActiveCfg = Release|Any CPU
		{434EB191-3D67-4DAB-8433-017CEFEDEC14}.Release|Any CPU.Build.0 = Release|Any CPU
		{E0A92675-8F23-47EA-BD35-70093D14B49F}.Debug|Any CPU.ActiveCfg = Debug|Any CPU
		{E0A92675-8F23-47EA-BD35-70093D14B49F}.Debug|Any CPU.Build.0 = Debug|Any CPU
		{E0A92675-8F23-47EA-BD35-70093D14B49F}.Release|Any CPU.ActiveCfg = Release|Any CPU
		{E0A92675-8F23-47EA-BD35-70093D14B49F}.Release|Any CPU.Build.0 = Release|Any CPU
		{437BD9C5-AAC7-4713-801D-072191D7C803}.Debug|Any CPU.ActiveCfg = Debug|Any CPU
		{437BD9C5-AAC7-4713-801D-072191D7C803}.Debug|Any CPU.Build.0 = Debug|Any CPU
		{437BD9C5-AAC7-4713-801D-072191D7C803}.Release|Any CPU.ActiveCfg = Release|Any CPU
		{437BD9C5-AAC7-4713-801D-072191D7C803}.Release|Any CPU.Build.0 = Release|Any CPU
		{1CEDD82C-4B96-44E3-95FA-3C7AFA57F74D}.Debug|Any CPU.ActiveCfg = Debug|Any CPU
		{1CEDD82C-4B96-44E3-95FA-3C7AFA57F74D}.Debug|Any CPU.Build.0 = Debug|Any CPU
		{1CEDD82C-4B96-44E3-95FA-3C7AFA57F74D}.Release|Any CPU.ActiveCfg = Release|Any CPU
		{1CEDD82C-4B96-44E3-95FA-3C7AFA57F74D}.Release|Any CPU.Build.0 = Release|Any CPU
		{ECBD9B04-C464-49E1-A75D-40E84E5CADF6}.Debug|Any CPU.ActiveCfg = Debug|Any CPU
		{ECBD9B04-C464-49E1-A75D-40E84E5CADF6}.Debug|Any CPU.Build.0 = Debug|Any CPU
		{ECBD9B04-C464-49E1-A75D-40E84E5CADF6}.Release|Any CPU.ActiveCfg = Release|Any CPU
		{ECBD9B04-C464-49E1-A75D-40E84E5CADF6}.Release|Any CPU.Build.0 = Release|Any CPU
	EndGlobalSection
	GlobalSection(SolutionProperties) = preSolution
		HideSolutionNode = FALSE
	EndGlobalSection
	GlobalSection(NestedProjects) = preSolution
		{70C204EA-850D-453D-90DA-C92093B82BF4} = {6CE6E4C5-DC68-43E5-A935-2B430292E851}
		{977FB545-A1AF-481A-B00E-4688D6538198} = {E69568A2-AEDD-4190-AF39-5C3C794F04B3}
		{434EB191-3D67-4DAB-8433-017CEFEDEC14} = {E69568A2-AEDD-4190-AF39-5C3C794F04B3}
		{E0A92675-8F23-47EA-BD35-70093D14B49F} = {E69568A2-AEDD-4190-AF39-5C3C794F04B3}
		{437BD9C5-AAC7-4713-801D-072191D7C803} = {E69568A2-AEDD-4190-AF39-5C3C794F04B3}
		{1CEDD82C-4B96-44E3-95FA-3C7AFA57F74D} = {615D4323-6C20-4643-9B63-86A0B3F04D40}
		{ECBD9B04-C464-49E1-A75D-40E84E5CADF6} = {E69568A2-AEDD-4190-AF39-5C3C794F04B3}
	EndGlobalSection
	GlobalSection(ExtensibilityGlobals) = postSolution
		SolutionGuid = {0E5518CC-3426-4FA7-B5D9-02A2B71E1B80}
	EndGlobalSection
EndGlobal
